
Microsoft Visual Studio Solution File, Format Version 12.00
# Visual Studio Version 16
VisualStudioVersion = 16.0.34407.143
MinimumVisualStudioVersion = 10.0.40219.1
Project("{FAE04EC0-301F-11D3-BF4B-00C04F79EFBC}") = "MyProjectForGitHubPractice", "MyProjectForGitHubPractice\MyProjectForGitHubPractice.csproj", "{5E0CE17F-C577-48FF-B1CB-1FC2001B5567}"
EndProject
Global
	GlobalSection(SolutionConfigurationPlatforms) = preSolution
		Debug|Any CPU = Debug|Any CPU
		Release|Any CPU = Release|Any CPU
	EndGlobalSection
	GlobalSection(ProjectConfigurationPlatforms) = postSolution
		{5E0CE17F-C577-48FF-B1CB-1FC2001B5567}.Debug|Any CPU.ActiveCfg = Debug|Any CPU
		{5E0CE17F-C577-48FF-B1CB-1FC2001B5567}.Debug|Any CPU.Build.0 = Debug|Any CPU
		{5E0CE17F-C577-48FF-B1CB-1FC2001B5567}.Release|Any CPU.ActiveCfg = Release|Any CPU
		{5E0CE17F-C577-48FF-B1CB-1FC2001B5567}.Release|Any CPU.Build.0 = Release|Any CPU
	EndGlobalSection
	GlobalSection(SolutionProperties) = preSolution
		HideSolutionNode = FALSE
	EndGlobalSection
	GlobalSection(ExtensibilityGlobals) = postSolution
		SolutionGuid = {285BCC8F-AE5C-478B-AFC7-6EA888558A34}
	EndGlobalSection
EndGlobal
